// !$*UTF8*$!
{
	archiveVersion = 1;
	classes = {
	};
	objectVersion = 50;
	objects = {

/* Begin PBXBuildFile section */
		0A12B62E2D516219A62CAE9E /* Pods_iOSRNTest.framework in Frameworks */ = {isa = PBXBuildFile; fileRef = C613A52D7D82E45269143764 /* Pods_iOSRNTest.framework */; };
		AF816CD425E28F7D003C0743 /* AppDelegate.m in Sources */ = {isa = PBXBuildFile; fileRef = AF816CD325E28F7D003C0743 /* AppDelegate.m */; };
		AF816CD725E28F7D003C0743 /* SceneDelegate.m in Sources */ = {isa = PBXBuildFile; fileRef = AF816CD625E28F7D003C0743 /* SceneDelegate.m */; };
		AF816CDA25E28F7D003C0743 /* ViewController.m in Sources */ = {isa = PBXBuildFile; fileRef = AF816CD925E28F7D003C0743 /* ViewController.m */; };
		AF816CDD25E28F7D003C0743 /* Main.storyboard in Resources */ = {isa = PBXBuildFile; fileRef = AF816CDB25E28F7D003C0743 /* Main.storyboard */; };
		AF816CDF25E28F7E003C0743 /* Assets.xcassets in Resources */ = {isa = PBXBuildFile; fileRef = AF816CDE25E28F7E003C0743 /* Assets.xcassets */; };
		AF816CE225E28F7E003C0743 /* LaunchScreen.storyboard in Resources */ = {isa = PBXBuildFile; fileRef = AF816CE025E28F7E003C0743 /* LaunchScreen.storyboard */; };
		AF816CE525E28F7E003C0743 /* main.m in Sources */ = {isa = PBXBuildFile; fileRef = AF816CE425E28F7E003C0743 /* main.m */; };
/* End PBXBuildFile section */

/* Begin PBXFileReference section */
		A16A45EFAA2BB667F82B8461 /* Pods-iOSRNTest.debug.xcconfig */ = {isa = PBXFileReference; includeInIndex = 1; lastKnownFileType = text.xcconfig; name = "Pods-iOSRNTest.debug.xcconfig"; path = "Target Support Files/Pods-iOSRNTest/Pods-iOSRNTest.debug.xcconfig"; sourceTree = "<group>"; };
		AF816CCF25E28F7D003C0743 /* iOSRNTest.app */ = {isa = PBXFileReference; explicitFileType = wrapper.application; includeInIndex = 0; path = iOSRNTest.app; sourceTree = BUILT_PRODUCTS_DIR; };
		AF816CD225E28F7D003C0743 /* AppDelegate.h */ = {isa = PBXFileReference; lastKnownFileType = sourcecode.c.h; path = AppDelegate.h; sourceTree = "<group>"; };
		AF816CD325E28F7D003C0743 /* AppDelegate.m */ = {isa = PBXFileReference; lastKnownFileType = sourcecode.c.objc; path = AppDelegate.m; sourceTree = "<group>"; };
		AF816CD525E28F7D003C0743 /* SceneDelegate.h */ = {isa = PBXFileReference; lastKnownFileType = sourcecode.c.h; path = SceneDelegate.h; sourceTree = "<group>"; };
		AF816CD625E28F7D003C0743 /* SceneDelegate.m */ = {isa = PBXFileReference; lastKnownFileType = sourcecode.c.objc; path = SceneDelegate.m; sourceTree = "<group>"; };
		AF816CD825E28F7D003C0743 /* ViewController.h */ = {isa = PBXFileReference; lastKnownFileType = sourcecode.c.h; path = ViewController.h; sourceTree = "<group>"; };
		AF816CD925E28F7D003C0743 /* ViewController.m */ = {isa = PBXFileReference; lastKnownFileType = sourcecode.c.objc; path = ViewController.m; sourceTree = "<group>"; };
		AF816CDC25E28F7D003C0743 /* Base */ = {isa = PBXFileReference; lastKnownFileType = file.storyboard; name = Base; path = Base.lproj/Main.storyboard; sourceTree = "<group>"; };
		AF816CDE25E28F7E003C0743 /* Assets.xcassets */ = {isa = PBXFileReference; lastKnownFileType = folder.assetcatalog; path = Assets.xcassets; sourceTree = "<group>"; };
		AF816CE125E28F7E003C0743 /* Base */ = {isa = PBXFileReference; lastKnownFileType = file.storyboard; name = Base; path = Base.lproj/LaunchScreen.storyboard; sourceTree = "<group>"; };
		AF816CE325E28F7E003C0743 /* Info.plist */ = {isa = PBXFileReference; lastKnownFileType = text.plist.xml; path = Info.plist; sourceTree = "<group>"; };
		AF816CE425E28F7E003C0743 /* main.m */ = {isa = PBXFileReference; lastKnownFileType = sourcecode.c.objc; path = main.m; sourceTree = "<group>"; };
		BE9569C323A1C6220DB29FB0 /* Pods-iOSRNTest.release.xcconfig */ = {isa = PBXFileReference; includeInIndex = 1; lastKnownFileType = text.xcconfig; name = "Pods-iOSRNTest.release.xcconfig"; path = "Target Support Files/Pods-iOSRNTest/Pods-iOSRNTest.release.xcconfig"; sourceTree = "<group>"; };
		C613A52D7D82E45269143764 /* Pods_iOSRNTest.framework */ = {isa = PBXFileReference; explicitFileType = wrapper.framework; includeInIndex = 0; path = Pods_iOSRNTest.framework; sourceTree = BUILT_PRODUCTS_DIR; };
/* End PBXFileReference section */

/* Begin PBXFrameworksBuildPhase section */
		AF816CCC25E28F7D003C0743 /* Frameworks */ = {
			isa = PBXFrameworksBuildPhase;
			buildActionMask = 2147483647;
			files = (
				0A12B62E2D516219A62CAE9E /* Pods_iOSRNTest.framework in Frameworks */,
			);
			runOnlyForDeploymentPostprocessing = 0;
		};
/* End PBXFrameworksBuildPhase section */

/* Begin PBXGroup section */
		76EB7659D949A47DA0D63F15 /* Frameworks */ = {
			isa = PBXGroup;
			children = (
				C613A52D7D82E45269143764 /* Pods_iOSRNTest.framework */,
			);
			name = Frameworks;
			sourceTree = "<group>";
		};
		AF816CC625E28F7D003C0743 = {
			isa = PBXGroup;
			children = (
				AF816CD125E28F7D003C0743 /* iOSRNTest */,
				AF816CD025E28F7D003C0743 /* Products */,
				C46870E1E04EF77ED5AE51FD /* Pods */,
				76EB7659D949A47DA0D63F15 /* Frameworks */,
			);
			sourceTree = "<group>";
		};
		AF816CD025E28F7D003C0743 /* Products */ = {
			isa = PBXGroup;
			children = (
				AF816CCF25E28F7D003C0743 /* iOSRNTest.app */,
			);
			name = Products;
			sourceTree = "<group>";
		};
		AF816CD125E28F7D003C0743 /* iOSRNTest */ = {
			isa = PBXGroup;
			children = (
				AF816CD225E28F7D003C0743 /* AppDelegate.h */,
				AF816CD325E28F7D003C0743 /* AppDelegate.m */,
				AF816CD525E28F7D003C0743 /* SceneDelegate.h */,
				AF816CD625E28F7D003C0743 /* SceneDelegate.m */,
				AF816CD825E28F7D003C0743 /* ViewController.h */,
				AF816CD925E28F7D003C0743 /* ViewController.m */,
				AF816CDB25E28F7D003C0743 /* Main.storyboard */,
				AF816CDE25E28F7E003C0743 /* Assets.xcassets */,
				AF816CE025E28F7E003C0743 /* LaunchScreen.storyboard */,
				AF816CE325E28F7E003C0743 /* Info.plist */,
				AF816CE425E28F7E003C0743 /* main.m */,
			);
			path = iOSRNTest;
			sourceTree = "<group>";
		};
		C46870E1E04EF77ED5AE51FD /* Pods */ = {
			isa = PBXGroup;
			children = (
				A16A45EFAA2BB667F82B8461 /* Pods-iOSRNTest.debug.xcconfig */,
				BE9569C323A1C6220DB29FB0 /* Pods-iOSRNTest.release.xcconfig */,
			);
			name = Pods;
			path = Pods;
			sourceTree = "<group>";
		};
/* End PBXGroup section */

/* Begin PBXNativeTarget section */
		AF816CCE25E28F7D003C0743 /* iOSRNTest */ = {
			isa = PBXNativeTarget;
			buildConfigurationList = AF816CE825E28F7E003C0743 /* Build configuration list for PBXNativeTarget "iOSRNTest" */;
			buildPhases = (
				F5492E29A040BBF72A7CE321 /* [CP] Check Pods Manifest.lock */,
				AF816CCB25E28F7D003C0743 /* Sources */,
				AF816CCC25E28F7D003C0743 /* Frameworks */,
				AF816CCD25E28F7D003C0743 /* Resources */,
				89D40CA40A4D3C41C98B1782 /* [CP] Embed Pods Frameworks */,
			);
			buildRules = (
			);
			dependencies = (
			);
			name = iOSRNTest;
			productName = iOSRNTest;
			productReference = AF816CCF25E28F7D003C0743 /* iOSRNTest.app */;
			productType = "com.apple.product-type.application";
		};
/* End PBXNativeTarget section */

/* Begin PBXProject section */
		AF816CC725E28F7D003C0743 /* Project object */ = {
			isa = PBXProject;
			attributes = {
				LastUpgradeCheck = 1210;
				TargetAttributes = {
					AF816CCE25E28F7D003C0743 = {
						CreatedOnToolsVersion = 12.1;
					};
				};
			};
			buildConfigurationList = AF816CCA25E28F7D003C0743 /* Build configuration list for PBXProject "iOSRNTest" */;
			compatibilityVersion = "Xcode 9.3";
			developmentRegion = en;
			hasScannedForEncodings = 0;
			knownRegions = (
				en,
				Base,
			);
			mainGroup = AF816CC625E28F7D003C0743;
			productRefGroup = AF816CD025E28F7D003C0743 /* Products */;
			projectDirPath = "";
			projectRoot = "";
			targets = (
				AF816CCE25E28F7D003C0743 /* iOSRNTest */,
			);
		};
/* End PBXProject section */

/* Begin PBXResourcesBuildPhase section */
		AF816CCD25E28F7D003C0743 /* Resources */ = {
			isa = PBXResourcesBuildPhase;
			buildActionMask = 2147483647;
			files = (
				AF816CE225E28F7E003C0743 /* LaunchScreen.storyboard in Resources */,
				AF816CDF25E28F7E003C0743 /* Assets.xcassets in Resources */,
				AF816CDD25E28F7D003C0743 /* Main.storyboard in Resources */,
			);
			runOnlyForDeploymentPostprocessing = 0;
		};
/* End PBXResourcesBuildPhase section */

/* Begin PBXShellScriptBuildPhase section */
		89D40CA40A4D3C41C98B1782 /* [CP] Embed Pods Frameworks */ = {
			isa = PBXShellScriptBuildPhase;
			buildActionMask = 2147483647;
			files = (
			);
			inputFileListPaths = (
				"${PODS_ROOT}/Target Support Files/Pods-iOSRNTest/Pods-iOSRNTest-frameworks-${CONFIGURATION}-input-files.xcfilelist",
			);
			name = "[CP] Embed Pods Frameworks";
			outputFileListPaths = (
				"${PODS_ROOT}/Target Support Files/Pods-iOSRNTest/Pods-iOSRNTest-frameworks-${CONFIGURATION}-output-files.xcfilelist",
			);
			runOnlyForDeploymentPostprocessing = 0;
			shellPath = /bin/sh;
			shellScript = "\"${PODS_ROOT}/Target Support Files/Pods-iOSRNTest/Pods-iOSRNTest-frameworks.sh\"\n";
			showEnvVarsInLog = 0;
		};
		F5492E29A040BBF72A7CE321 /* [CP] Check Pods Manifest.lock */ = {
			isa = PBXShellScriptBuildPhase;
			buildActionMask = 2147483647;
			files = (
			);
			inputFileListPaths = (
			);
			inputPaths = (
				"${PODS_PODFILE_DIR_PATH}/Podfile.lock",
				"${PODS_ROOT}/Manifest.lock",
			);
			name = "[CP] Check Pods Manifest.lock";
			outputFileListPaths = (
			);
			outputPaths = (
				"$(DERIVED_FILE_DIR)/Pods-iOSRNTest-checkManifestLockResult.txt",
			);
			runOnlyForDeploymentPostprocessing = 0;
			shellPath = /bin/sh;
			shellScript = "diff \"${PODS_PODFILE_DIR_PATH}/Podfile.lock\" \"${PODS_ROOT}/Manifest.lock\" > /dev/null\nif [ $? != 0 ] ; then\n    # print error to STDERR\n    echo \"error: The sandbox is not in sync with the Podfile.lock. Run 'pod install' or update your CocoaPods installation.\" >&2\n    exit 1\nfi\n# This output is used by Xcode 'outputs' to avoid re-running this script phase.\necho \"SUCCESS\" > \"${SCRIPT_OUTPUT_FILE_0}\"\n";
			showEnvVarsInLog = 0;
		};
/* End PBXShellScriptBuildPhase section */

/* Begin PBXSourcesBuildPhase section */
		AF816CCB25E28F7D003C0743 /* Sources */ = {
			isa = PBXSourcesBuildPhase;
			buildActionMask = 2147483647;
			files = (
				AF816CDA25E28F7D003C0743 /* ViewController.m in Sources */,
				AF816CD425E28F7D003C0743 /* AppDelegate.m in Sources */,
				AF816CE525E28F7E003C0743 /* main.m in Sources */,
				AF816CD725E28F7D003C0743 /* SceneDelegate.m in Sources */,
			);
			runOnlyForDeploymentPostprocessing = 0;
		};
/* End PBXSourcesBuildPhase section */

/* Begin PBXVariantGroup section */
		AF816CDB25E28F7D003C0743 /* Main.storyboard */ = {
			isa = PBXVariantGroup;
			children = (
				AF816CDC25E28F7D003C0743 /* Base */,
			);
			name = Main.storyboard;
			sourceTree = "<group>";
		};
		AF816CE025E28F7E003C0743 /* LaunchScreen.storyboard */ = {
			isa = PBXVariantGroup;
			children = (
				AF816CE125E28F7E003C0743 /* Base */,
			);
			name = LaunchScreen.storyboard;
			sourceTree = "<group>";
		};
/* End PBXVariantGroup section */

/* Begin XCBuildConfiguration section */
		AF816CE625E28F7E003C0743 /* Debug */ = {
			isa = XCBuildConfiguration;
			buildSettings = {
				ALWAYS_SEARCH_USER_PATHS = NO;
				CLANG_ANALYZER_NONNULL = YES;
				CLANG_ANALYZER_NUMBER_OBJECT_CONVERSION = YES_AGGRESSIVE;
				CLANG_CXX_LANGUAGE_STANDARD = "gnu++14";
				CLANG_CXX_LIBRARY = "libc++";
				CLANG_ENABLE_MODULES = YES;
				CLANG_ENABLE_OBJC_ARC = YES;
				CLANG_ENABLE_OBJC_WEAK = YES;
				CLANG_WARN_BLOCK_CAPTURE_AUTORELEASING = YES;
				CLANG_WARN_BOOL_CONVERSION = YES;
				CLANG_WARN_COMMA = YES;
				CLANG_WARN_CONSTANT_CONVERSION = YES;
				CLANG_WARN_DEPRECATED_OBJC_IMPLEMENTATIONS = YES;
				CLANG_WARN_DIRECT_OBJC_ISA_USAGE = YES_ERROR;
				CLANG_WARN_DOCUMENTATION_COMMENTS = YES;
				CLANG_WARN_EMPTY_BODY = YES;
				CLANG_WARN_ENUM_CONVERSION = YES;
				CLANG_WARN_INFINITE_RECURSION = YES;
				CLANG_WARN_INT_CONVERSION = YES;
				CLANG_WARN_NON_LITERAL_NULL_CONVERSION = YES;
				CLANG_WARN_OBJC_IMPLICIT_RETAIN_SELF = YES;
				CLANG_WARN_OBJC_LITERAL_CONVERSION = YES;
				CLANG_WARN_OBJC_ROOT_CLASS = YES_ERROR;
				CLANG_WARN_QUOTED_INCLUDE_IN_FRAMEWORK_HEADER = YES;
				CLANG_WARN_RANGE_LOOP_ANALYSIS = YES;
				CLANG_WARN_STRICT_PROTOTYPES = YES;
				CLANG_WARN_SUSPICIOUS_MOVE = YES;
				CLANG_WARN_UNGUARDED_AVAILABILITY = YES_AGGRESSIVE;
				CLANG_WARN_UNREACHABLE_CODE = YES;
				CLANG_WARN__DUPLICATE_METHOD_MATCH = YES;
				COPY_PHASE_STRIP = NO;
				DEBUG_INFORMATION_FORMAT = dwarf;
				ENABLE_STRICT_OBJC_MSGSEND = YES;
				ENABLE_TESTABILITY = YES;
				GCC_C_LANGUAGE_STANDARD = gnu11;
				GCC_DYNAMIC_NO_PIC = NO;
				GCC_NO_COMMON_BLOCKS = YES;
				GCC_OPTIMIZATION_LEVEL = 0;
				GCC_PREPROCESSOR_DEFINITIONS = (
					"DEBUG=1",
					"$(inherited)",
				);
				GCC_WARN_64_TO_32_BIT_CONVERSION = YES;
				GCC_WARN_ABOUT_RETURN_TYPE = YES_ERROR;
				GCC_WARN_UNDECLARED_SELECTOR = YES;
				GCC_WARN_UNINITIALIZED_AUTOS = YES_AGGRESSIVE;
				GCC_WARN_UNUSED_FUNCTION = YES;
				GCC_WARN_UNUSED_VARIABLE = YES;
				IPHONEOS_DEPLOYMENT_TARGET = 14.1;
				MTL_ENABLE_DEBUG_INFO = INCLUDE_SOURCE;
				MTL_FAST_MATH = YES;
				ONLY_ACTIVE_ARCH = YES;
				SDKROOT = iphoneos;
			};
			name = Debug;
		};
		AF816CE725E28F7E003C0743 /* Release */ = {
			isa = XCBuildConfiguration;
			buildSettings = {
				ALWAYS_SEARCH_USER_PATHS = NO;
				CLANG_ANALYZER_NONNULL = YES;
				CLANG_ANALYZER_NUMBER_OBJECT_CONVERSION = YES_AGGRESSIVE;
				CLANG_CXX_LANGUAGE_STANDARD = "gnu++14";
				CLANG_CXX_LIBRARY = "libc++";
				CLANG_ENABLE_MODULES = YES;
				CLANG_ENABLE_OBJC_ARC = YES;
				CLANG_ENABLE_OBJC_WEAK = YES;
				CLANG_WARN_BLOCK_CAPTURE_AUTORELEASING = YES;
				CLANG_WARN_BOOL_CONVERSION = YES;
				CLANG_WARN_COMMA = YES;
				CLANG_WARN_CONSTANT_CONVERSION = YES;
				CLANG_WARN_DEPRECATED_OBJC_IMPLEMENTATIONS = YES;
				CLANG_WARN_DIRECT_OBJC_ISA_USAGE = YES_ERROR;
				CLANG_WARN_DOCUMENTATION_COMMENTS = YES;
				CLANG_WARN_EMPTY_BODY = YES;
				CLANG_WARN_ENUM_CONVERSION = YES;
				CLANG_WARN_INFINITE_RECURSION = YES;
				CLANG_WARN_INT_CONVERSION = YES;
				CLANG_WARN_NON_LITERAL_NULL_CONVERSION = YES;
				CLANG_WARN_OBJC_IMPLICIT_RETAIN_SELF = YES;
				CLANG_WARN_OBJC_LITERAL_CONVERSION = YES;
				CLANG_WARN_OBJC_ROOT_CLASS = YES_ERROR;
				CLANG_WARN_QUOTED_INCLUDE_IN_FRAMEWORK_HEADER = YES;
				CLANG_WARN_RANGE_LOOP_ANALYSIS = YES;
				CLANG_WARN_STRICT_PROTOTYPES = YES;
				CLANG_WARN_SUSPICIOUS_MOVE = YES;
				CLANG_WARN_UNGUARDED_AVAILABILITY = YES_AGGRESSIVE;
				CLANG_WARN_UNREACHABLE_CODE = YES;
				CLANG_WARN__DUPLICATE_METHOD_MATCH = YES;
				COPY_PHASE_STRIP = NO;
				DEBUG_INFORMATION_FORMAT = "dwarf-with-dsym";
				ENABLE_NS_ASSERTIONS = NO;
				ENABLE_STRICT_OBJC_MSGSEND = YES;
				GCC_C_LANGUAGE_STANDARD = gnu11;
				GCC_NO_COMMON_BLOCKS = YES;
				GCC_WARN_64_TO_32_BIT_CONVERSION = YES;
				GCC_WARN_ABOUT_RETURN_TYPE = YES_ERROR;
				GCC_WARN_UNDECLARED_SELECTOR = YES;
				GCC_WARN_UNINITIALIZED_AUTOS = YES_AGGRESSIVE;
				GCC_WARN_UNUSED_FUNCTION = YES;
				GCC_WARN_UNUSED_VARIABLE = YES;
				IPHONEOS_DEPLOYMENT_TARGET = 14.1;
				MTL_ENABLE_DEBUG_INFO = NO;
				MTL_FAST_MATH = YES;
				SDKROOT = iphoneos;
				VALIDATE_PRODUCT = YES;
			};
			name = Release;
		};
		AF816CE925E28F7E003C0743 /* Debug */ = {
			isa = XCBuildConfiguration;
			baseConfigurationReference = A16A45EFAA2BB667F82B8461 /* Pods-iOSRNTest.debug.xcconfig */;
			buildSettings = {
				ASSETCATALOG_COMPILER_APPICON_NAME = AppIcon;
				ASSETCATALOG_COMPILER_GLOBAL_ACCENT_COLOR_NAME = AccentColor;
				CODE_SIGN_STYLE = Automatic;
				DEVELOPMENT_TEAM = 8Y28CMU5NF;
				INFOPLIST_FILE = iOSRNTest/Info.plist;
				LD_RUNPATH_SEARCH_PATHS = (
					"$(inherited)",
					"@executable_path/Frameworks",
				);
				PRODUCT_BUNDLE_IDENTIFIER = com.gaoguohao.iOSRNTest;
				PRODUCT_NAME = "$(TARGET_NAME)";
				TARGETED_DEVICE_FAMILY = "1,2";
			};
			name = Debug;
		};
		AF816CEA25E28F7E003C0743 /* Release */ = {
			isa = XCBuildConfiguration;
			baseConfigurationReference = BE9569C323A1C6220DB29FB0 /* Pods-iOSRNTest.release.xcconfig */;
			buildSettings = {
				ASSETCATALOG_COMPILER_APPICON_NAME = AppIcon;
				ASSETCATALOG_COMPILER_GLOBAL_ACCENT_COLOR_NAME = AccentColor;
				CODE_SIGN_STYLE = Automatic;
				DEVELOPMENT_TEAM = 8Y28CMU5NF;
				INFOPLIST_FILE = iOSRNTest/Info.plist;
				LD_RUNPATH_SEARCH_PATHS = (
					"$(inherited)",
					"@executable_path/Frameworks",
				);
				PRODUCT_BUNDLE_IDENTIFIER = com.gaoguohao.iOSRNTest;
				PRODUCT_NAME = "$(TARGET_NAME)";
				TARGETED_DEVICE_FAMILY = "1,2";
			};
			name = Release;
		};
/* End XCBuildConfiguration section */

/* Begin XCConfigurationList section */
		AF816CCA25E28F7D003C0743 /* Build configuration list for PBXProject "iOSRNTest" */ = {
			isa = XCConfigurationList;
			buildConfigurations = (
				AF816CE625E28F7E003C0743 /* Debug */,
				AF816CE725E28F7E003C0743 /* Release */,
			);
			defaultConfigurationIsVisible = 0;
			defaultConfigurationName = Release;
		};
		AF816CE825E28F7E003C0743 /* Build configuration list for PBXNativeTarget "iOSRNTest" */ = {
			isa = XCConfigurationList;
			buildConfigurations = (
				AF816CE925E28F7E003C0743 /* Debug */,
				AF816CEA25E28F7E003C0743 /* Release */,
			);
			defaultConfigurationIsVisible = 0;
			defaultConfigurationName = Release;
		};
/* End XCConfigurationList section */
	};
	rootObject = AF816CC725E28F7D003C0743 /* Project object */;
}
